
Microsoft Visual Studio Solution File, Format Version 12.00
# Visual Studio Version 16
VisualStudioVersion = 16.0.29123.88
MinimumVisualStudioVersion = 10.0.40219.1
Project("{FAE04EC0-301F-11D3-BF4B-00C04F79EFBC}") = "LearnAzureFunctions", "LearnAzureFunctions\LearnAzureFunctions.csproj", "{9C338563-9AD9-4167-A0F8-065F4BBF282E}"
EndProject
Global
	GlobalSection(SolutionConfigurationPlatforms) = preSolution
		Debug|Any CPU = Debug|Any CPU
		Release|Any CPU = Release|Any CPU
	EndGlobalSection
	GlobalSection(ProjectConfigurationPlatforms) = postSolution
		{9C338563-9AD9-4167-A0F8-065F4BBF282E}.Debug|Any CPU.ActiveCfg = Debug|Any CPU
		{9C338563-9AD9-4167-A0F8-065F4BBF282E}.Debug|Any CPU.Build.0 = Debug|Any CPU
		{9C338563-9AD9-4167-A0F8-065F4BBF282E}.Release|Any CPU.ActiveCfg = Release|Any CPU
		{9C338563-9AD9-4167-A0F8-065F4BBF282E}.Release|Any CPU.Build.0 = Release|Any CPU
	EndGlobalSection
	GlobalSection(SolutionProperties) = preSolution
		HideSolutionNode = FALSE
	EndGlobalSection
	GlobalSection(ExtensibilityGlobals) = postSolution
		SolutionGuid = {40E0AA02-9E08-4477-8268-33F7C4A2B372}
	EndGlobalSection
EndGlobal
